github.com/dgempiuc/go-journey v0.0.0-20251016114457-7292657a7d10 h1:EwtT7/JyabbHDvmnfWVNoYDVKW8AjCaDabj+a/qm5BU=
github.com/dgempiuc/go-journey v0.0.0-20251016114457-7292657a7d10/go.mod h1:HObHLV2Gjm2hB+uCP8iejbbYEOeru8przPoiB/p65G8=
github.com/dgempiuc/go-journey v0.0.1 h1:AMvFPXIUa8ZAnCPLF3N7Ilg2zhYyatd6AXkBMhgpBMM=
github.com/dgempiuc/go-journey v0.0.1/go.mod h1:vkFJOJSnEy490aEMdaejHOV+RqZvFYfxtvrW36EbLF8=
github.com/dgempiuc/go-journey v0.0.2 h1:Su9OWQk++Iy5205Q+eAsvsmSt9IMN8Z/A+32HhaTjOI=
github.com/dgempiuc/go-journey v0.0.2/go.mod h1:HObHLV2Gjm2hB+uCP8iejbbYEOeru8przPoiB/p65G8=
